
Microsoft Visual Studio Solution File, Format Version 12.00
# Visual Studio Version 16
VisualStudioVersion = 16.0.30320.27
MinimumVisualStudioVersion = 10.0.40219.1
Project("{FAE04EC0-301F-11D3-BF4B-00C04F79EFBC}") = "techchallegertelegramchatbot", "techchallegertelegramchatbot.csproj", "{75B5935C-DFED-4FBF-82A3-C482CC9CCB7B}"
EndProject
Global
	GlobalSection(SolutionConfigurationPlatforms) = preSolution
		Debug|Any CPU = Debug|Any CPU
		Release|Any CPU = Release|Any CPU
	EndGlobalSection
	GlobalSection(ProjectConfigurationPlatforms) = postSolution
		{75B5935C-DFED-4FBF-82A3-C482CC9CCB7B}.Debug|Any CPU.ActiveCfg = Debug|Any CPU
		{75B5935C-DFED-4FBF-82A3-C482CC9CCB7B}.Debug|Any CPU.Build.0 = Debug|Any CPU
		{75B5935C-DFED-4FBF-82A3-C482CC9CCB7B}.Release|Any CPU.ActiveCfg = Release|Any CPU
		{75B5935C-DFED-4FBF-82A3-C482CC9CCB7B}.Release|Any CPU.Build.0 = Release|Any CPU
	EndGlobalSection
	GlobalSection(SolutionProperties) = preSolution
		HideSolutionNode = FALSE
	EndGlobalSection
	GlobalSection(ExtensibilityGlobals) = postSolution
		SolutionGuid = {5F625E0D-9740-4C68-8DC2-84C705640ABB}
	EndGlobalSection
EndGlobal
